uuid: 2c0449ee-6d7a-4c21-99d7-4eaa2fa1556e
langcode: en
status: true
dependencies:
  module:
    - drupical
active_version: 05ba14e03914cc57
versioned_properties:
  active:
    settings:
      default_settings:
        id: events_block
        label: 'Events Feed'
        label_display: '0'
        provider: drupical
    fallback_metadata:
      slot_definitions: null
  7f0d7c64a7196c20:
    settings:
      default_settings:
        id: events_block
        label: 'Events Feed'
        label_display: '0'
        provider: drupical
    fallback_metadata:
      slot_definitions: null
  190c703c16aaf9ac:
    settings:
      default_settings:
        id: events_block
        label: 'Events Feed'
        label_display: '0'
        provider: drupical
    fallback_metadata:
      slot_definitions: null
label: 'Events Feed'
id: block.events_block
provider: drupical
source: block
source_local_id: events_block
