uuid: 2b9e78e3-5990-4757-9d16-d2124302c358
langcode: en
status: false
dependencies:
  module:
    - user
active_version: b5820c0348dc7c4a
versioned_properties:
  active:
    settings:
      default_settings:
        id: user_login_block
        label: 'Log ind'
        label_display: '0'
        provider: user
    fallback_metadata:
      slot_definitions: null
  d04497f93a2e2a15:
    settings:
      default_settings:
        id: user_login_block
        label: 'User login'
        label_display: '0'
        provider: user
    fallback_metadata:
      slot_definitions: null
  888aba0d384b6b7c:
    settings:
      default_settings:
        id: user_login_block
        label: 'User login'
        label_display: '0'
        provider: user
    fallback_metadata:
      slot_definitions: null
label: 'Log ind'
id: block.user_login_block
provider: user
source: block
source_local_id: user_login_block
