uuid: cb093069-7edb-4059-be9d-dae8b816f815
langcode: en
status: false
dependencies: {  }
active_version: 0d0394eb23f8851c
versioned_properties:
  active:
    settings:
      default_settings:
        id: local_tasks_block
        label: Faner
        label_display: '0'
        provider: core
        primary: true
        secondary: true
    fallback_metadata:
      slot_definitions: null
  56154bd64a63c66a:
    settings:
      default_settings:
        id: local_tasks_block
        label: Tabs
        label_display: '0'
        provider: core
        primary: true
        secondary: true
    fallback_metadata:
      slot_definitions: null
  fbd9367ece78bba5:
    settings:
      default_settings:
        id: local_tasks_block
        label: Tabs
        label_display: '0'
        provider: core
        primary: true
        secondary: true
    fallback_metadata:
      slot_definitions: null
label: Faner
id: block.local_tasks_block
provider: core
source: block
source_local_id: local_tasks_block
